
Microsoft Visual Studio Solution File, Format Version 11.00
# Visual Studio 2010
Project("{FAE04EC0-301F-11D3-BF4B-00C04F79EFBC}") = "MyApplication", "MyApplication.csproj", "{20944D21-A723-4462-8666-CDFD85EBDDE7}"
EndProject
Project("{FAE04EC0-301F-11D3-BF4B-00C04F79EFBC}") = "MyApplication.Web", "..\MyApplication.Web\MyApplication.Web.csproj", "{1BE9BBB8-5EE4-4CF5-AB06-A1AAFAECE9C5}"
EndProject
Global
	GlobalSection(SolutionConfigurationPlatforms) = preSolution
		Debug|Any CPU = Debug|Any CPU
		Release|Any CPU = Release|Any CPU
	EndGlobalSection
	GlobalSection(ProjectConfigurationPlatforms) = postSolution
		{20944D21-A723-4462-8666-CDFD85EBDDE7}.Debug|Any CPU.ActiveCfg = Debug|Any CPU
		{20944D21-A723-4462-8666-CDFD85EBDDE7}.Debug|Any CPU.Build.0 = Debug|Any CPU
		{20944D21-A723-4462-8666-CDFD85EBDDE7}.Release|Any CPU.ActiveCfg = Release|Any CPU
		{20944D21-A723-4462-8666-CDFD85EBDDE7}.Release|Any CPU.Build.0 = Release|Any CPU
		{1BE9BBB8-5EE4-4CF5-AB06-A1AAFAECE9C5}.Debug|Any CPU.ActiveCfg = Debug|Any CPU
		{1BE9BBB8-5EE4-4CF5-AB06-A1AAFAECE9C5}.Debug|Any CPU.Build.0 = Debug|Any CPU
		{1BE9BBB8-5EE4-4CF5-AB06-A1AAFAECE9C5}.Release|Any CPU.ActiveCfg = Release|Any CPU
		{1BE9BBB8-5EE4-4CF5-AB06-A1AAFAECE9C5}.Release|Any CPU.Build.0 = Release|Any CPU
	EndGlobalSection
	GlobalSection(SolutionProperties) = preSolution
		HideSolutionNode = FALSE
	EndGlobalSection
EndGlobal
