
Microsoft Visual Studio Solution File, Format Version 11.00
# Visual Studio 2010
Project("{FAE04EC0-301F-11D3-BF4B-00C04F79EFBC}") = "TouchToolkit.GestureProcessor", "..\Silverlight\Gestures\TouchToolkit.GestureProcessor.csproj", "{6CEA926B-4F66-4C30-A0C2-9CC1C421FD95}"
EndProject
Project("{FAE04EC0-301F-11D3-BF4B-00C04F79EFBC}") = "TestApplication", "..\Silverlight\TestApplication\TestApplication.csproj", "{07ECB36C-6AED-4736-A007-0B76C1F24E4E}"
EndProject
Project("{FAE04EC0-301F-11D3-BF4B-00C04F79EFBC}") = "TestApplication.Web", "..\Silverlight\TestApplication.Web\TestApplication.Web.csproj", "{675C978B-CFC7-4E0C-AA10-37FE910CA963}"
EndProject
Project("{FAE04EC0-301F-11D3-BF4B-00C04F79EFBC}") = "TouchToolkit.Framework", "..\Silverlight\Framework\TouchToolkit.Framework.csproj", "{B58E4DA0-767A-496E-A98F-FEFE838BB437}"
EndProject
Project("{2150E333-8FDC-42A3-9474-1A3956D46DE8}") = "Solution Items", "Solution Items", "{1E762284-D7A8-4C85-B924-5E1B488822B7}"
	ProjectSection(SolutionItems) = preProject
		Local.testsettings = Local.testsettings
		Silverlight.vsmdi = Silverlight.vsmdi
		TraceAndTestImpact.testsettings = TraceAndTestImpact.testsettings
	EndProjectSection
EndProject
Global
	GlobalSection(TestCaseManagementSettings) = postSolution
		CategoryFile = Silverlight.vsmdi
	EndGlobalSection
	GlobalSection(SolutionConfigurationPlatforms) = preSolution
		Debug|Any CPU = Debug|Any CPU
		Debug|Mixed Platforms = Debug|Mixed Platforms
		Debug|x86 = Debug|x86
		Release|Any CPU = Release|Any CPU
		Release|Mixed Platforms = Release|Mixed Platforms
		Release|x86 = Release|x86
		Test|Any CPU = Test|Any CPU
		Test|Mixed Platforms = Test|Mixed Platforms
		Test|x86 = Test|x86
	EndGlobalSection
	GlobalSection(ProjectConfigurationPlatforms) = postSolution
		{6CEA926B-4F66-4C30-A0C2-9CC1C421FD95}.Debug|Any CPU.ActiveCfg = Debug|Any CPU
		{6CEA926B-4F66-4C30-A0C2-9CC1C421FD95}.Debug|Any CPU.Build.0 = Debug|Any CPU
		{6CEA926B-4F66-4C30-A0C2-9CC1C421FD95}.Debug|Mixed Platforms.ActiveCfg = Debug|Any CPU
		{6CEA926B-4F66-4C30-A0C2-9CC1C421FD95}.Debug|Mixed Platforms.Build.0 = Debug|Any CPU
		{6CEA926B-4F66-4C30-A0C2-9CC1C421FD95}.Debug|x86.ActiveCfg = Debug|Any CPU
		{6CEA926B-4F66-4C30-A0C2-9CC1C421FD95}.Release|Any CPU.ActiveCfg = Release|Any CPU
		{6CEA926B-4F66-4C30-A0C2-9CC1C421FD95}.Release|Any CPU.Build.0 = Release|Any CPU
		{6CEA926B-4F66-4C30-A0C2-9CC1C421FD95}.Release|Mixed Platforms.ActiveCfg = Release|Any CPU
		{6CEA926B-4F66-4C30-A0C2-9CC1C421FD95}.Release|Mixed Platforms.Build.0 = Release|Any CPU
		{6CEA926B-4F66-4C30-A0C2-9CC1C421FD95}.Release|x86.ActiveCfg = Release|Any CPU
		{6CEA926B-4F66-4C30-A0C2-9CC1C421FD95}.Test|Any CPU.ActiveCfg = Release|Any CPU
		{6CEA926B-4F66-4C30-A0C2-9CC1C421FD95}.Test|Any CPU.Build.0 = Release|Any CPU
		{6CEA926B-4F66-4C30-A0C2-9CC1C421FD95}.Test|Mixed Platforms.ActiveCfg = Release|Any CPU
		{6CEA926B-4F66-4C30-A0C2-9CC1C421FD95}.Test|Mixed Platforms.Build.0 = Release|Any CPU
		{6CEA926B-4F66-4C30-A0C2-9CC1C421FD95}.Test|x86.ActiveCfg = Release|Any CPU
		{07ECB36C-6AED-4736-A007-0B76C1F24E4E}.Debug|Any CPU.ActiveCfg = Debug|Any CPU
		{07ECB36C-6AED-4736-A007-0B76C1F24E4E}.Debug|Any CPU.Build.0 = Debug|Any CPU
		{07ECB36C-6AED-4736-A007-0B76C1F24E4E}.Debug|Mixed Platforms.ActiveCfg = Debug|Any CPU
		{07ECB36C-6AED-4736-A007-0B76C1F24E4E}.Debug|Mixed Platforms.Build.0 = Debug|Any CPU
		{07ECB36C-6AED-4736-A007-0B76C1F24E4E}.Debug|x86.ActiveCfg = Debug|Any CPU
		{07ECB36C-6AED-4736-A007-0B76C1F24E4E}.Release|Any CPU.ActiveCfg = Release|Any CPU
		{07ECB36C-6AED-4736-A007-0B76C1F24E4E}.Release|Any CPU.Build.0 = Release|Any CPU
		{07ECB36C-6AED-4736-A007-0B76C1F24E4E}.Release|Mixed Platforms.ActiveCfg = Release|Any CPU
		{07ECB36C-6AED-4736-A007-0B76C1F24E4E}.Release|Mixed Platforms.Build.0 = Release|Any CPU
		{07ECB36C-6AED-4736-A007-0B76C1F24E4E}.Release|x86.ActiveCfg = Release|Any CPU
		{07ECB36C-6AED-4736-A007-0B76C1F24E4E}.Test|Any CPU.ActiveCfg = Release|Any CPU
		{07ECB36C-6AED-4736-A007-0B76C1F24E4E}.Test|Any CPU.Build.0 = Release|Any CPU
		{07ECB36C-6AED-4736-A007-0B76C1F24E4E}.Test|Mixed Platforms.ActiveCfg = Release|Any CPU
		{07ECB36C-6AED-4736-A007-0B76C1F24E4E}.Test|Mixed Platforms.Build.0 = Release|Any CPU
		{07ECB36C-6AED-4736-A007-0B76C1F24E4E}.Test|x86.ActiveCfg = Release|Any CPU
		{675C978B-CFC7-4E0C-AA10-37FE910CA963}.Debug|Any CPU.ActiveCfg = Debug|Any CPU
		{675C978B-CFC7-4E0C-AA10-37FE910CA963}.Debug|Any CPU.Build.0 = Debug|Any CPU
		{675C978B-CFC7-4E0C-AA10-37FE910CA963}.Debug|Mixed Platforms.ActiveCfg = Debug|Any CPU
		{675C978B-CFC7-4E0C-AA10-37FE910CA963}.Debug|Mixed Platforms.Build.0 = Debug|Any CPU
		{675C978B-CFC7-4E0C-AA10-37FE910CA963}.Debug|x86.ActiveCfg = Debug|Any CPU
		{675C978B-CFC7-4E0C-AA10-37FE910CA963}.Release|Any CPU.ActiveCfg = Release|Any CPU
		{675C978B-CFC7-4E0C-AA10-37FE910CA963}.Release|Any CPU.Build.0 = Release|Any CPU
		{675C978B-CFC7-4E0C-AA10-37FE910CA963}.Release|Mixed Platforms.ActiveCfg = Release|Any CPU
		{675C978B-CFC7-4E0C-AA10-37FE910CA963}.Release|Mixed Platforms.Build.0 = Release|Any CPU
		{675C978B-CFC7-4E0C-AA10-37FE910CA963}.Release|x86.ActiveCfg = Release|Any CPU
		{675C978B-CFC7-4E0C-AA10-37FE910CA963}.Test|Any CPU.ActiveCfg = Release|Any CPU
		{675C978B-CFC7-4E0C-AA10-37FE910CA963}.Test|Any CPU.Build.0 = Release|Any CPU
		{675C978B-CFC7-4E0C-AA10-37FE910CA963}.Test|Mixed Platforms.ActiveCfg = Release|Any CPU
		{675C978B-CFC7-4E0C-AA10-37FE910CA963}.Test|Mixed Platforms.Build.0 = Release|Any CPU
		{675C978B-CFC7-4E0C-AA10-37FE910CA963}.Test|x86.ActiveCfg = Release|Any CPU
		{B58E4DA0-767A-496E-A98F-FEFE838BB437}.Debug|Any CPU.ActiveCfg = Debug|Any CPU
		{B58E4DA0-767A-496E-A98F-FEFE838BB437}.Debug|Any CPU.Build.0 = Debug|Any CPU
		{B58E4DA0-767A-496E-A98F-FEFE838BB437}.Debug|Mixed Platforms.ActiveCfg = Debug|Any CPU
		{B58E4DA0-767A-496E-A98F-FEFE838BB437}.Debug|Mixed Platforms.Build.0 = Debug|Any CPU
		{B58E4DA0-767A-496E-A98F-FEFE838BB437}.Debug|x86.ActiveCfg = Debug|Any CPU
		{B58E4DA0-767A-496E-A98F-FEFE838BB437}.Release|Any CPU.ActiveCfg = Release|Any CPU
		{B58E4DA0-767A-496E-A98F-FEFE838BB437}.Release|Any CPU.Build.0 = Release|Any CPU
		{B58E4DA0-767A-496E-A98F-FEFE838BB437}.Release|Mixed Platforms.ActiveCfg = Release|Any CPU
		{B58E4DA0-767A-496E-A98F-FEFE838BB437}.Release|Mixed Platforms.Build.0 = Release|Any CPU
		{B58E4DA0-767A-496E-A98F-FEFE838BB437}.Release|x86.ActiveCfg = Release|Any CPU
		{B58E4DA0-767A-496E-A98F-FEFE838BB437}.Test|Any CPU.ActiveCfg = Release|Any CPU
		{B58E4DA0-767A-496E-A98F-FEFE838BB437}.Test|Any CPU.Build.0 = Release|Any CPU
		{B58E4DA0-767A-496E-A98F-FEFE838BB437}.Test|Mixed Platforms.ActiveCfg = Release|Any CPU
		{B58E4DA0-767A-496E-A98F-FEFE838BB437}.Test|Mixed Platforms.Build.0 = Release|Any CPU
		{B58E4DA0-767A-496E-A98F-FEFE838BB437}.Test|x86.ActiveCfg = Release|Any CPU
	EndGlobalSection
	GlobalSection(SolutionProperties) = preSolution
		HideSolutionNode = FALSE
	EndGlobalSection
EndGlobal
