
Microsoft Visual Studio Solution File, Format Version 11.00
# Visual Studio 2010
Project("{FAE04EC0-301F-11D3-BF4B-00C04F79EFBC}") = "TUIOApplication", "..\Net Framework\TUIOApplication\TUIOApplication.csproj", "{ED8CE654-8F0D-4218-B86F-4D9CB1436C4E}"
EndProject
Project("{FAE04EC0-301F-11D3-BF4B-00C04F79EFBC}") = "TouchToolkit.Framework", "..\Net Framework\Framework\TouchToolkit.Framework.csproj", "{0E89118D-B58A-48DB-A05D-0ADBBB145195}"
EndProject
Project("{FAE04EC0-301F-11D3-BF4B-00C04F79EFBC}") = "TouchToolkit.GestureProcessor", "..\Net Framework\Gestures\TouchToolkit.GestureProcessor.csproj", "{61A73B75-7404-4A80-9953-80AE47BA05DD}"
EndProject
Global
	GlobalSection(SolutionConfigurationPlatforms) = preSolution
		Debug|Any CPU = Debug|Any CPU
		Debug|x86 = Debug|x86
		Release|Any CPU = Release|Any CPU
		Release|x86 = Release|x86
	EndGlobalSection
	GlobalSection(ProjectConfigurationPlatforms) = postSolution
		{ED8CE654-8F0D-4218-B86F-4D9CB1436C4E}.Debug|Any CPU.ActiveCfg = Debug|x86
		{ED8CE654-8F0D-4218-B86F-4D9CB1436C4E}.Debug|x86.ActiveCfg = Debug|x86
		{ED8CE654-8F0D-4218-B86F-4D9CB1436C4E}.Debug|x86.Build.0 = Debug|x86
		{ED8CE654-8F0D-4218-B86F-4D9CB1436C4E}.Release|Any CPU.ActiveCfg = Release|x86
		{ED8CE654-8F0D-4218-B86F-4D9CB1436C4E}.Release|x86.ActiveCfg = Release|x86
		{ED8CE654-8F0D-4218-B86F-4D9CB1436C4E}.Release|x86.Build.0 = Release|x86
		{0E89118D-B58A-48DB-A05D-0ADBBB145195}.Debug|Any CPU.ActiveCfg = Debug|Any CPU
		{0E89118D-B58A-48DB-A05D-0ADBBB145195}.Debug|Any CPU.Build.0 = Debug|Any CPU
		{0E89118D-B58A-48DB-A05D-0ADBBB145195}.Debug|x86.ActiveCfg = Debug|x86
		{0E89118D-B58A-48DB-A05D-0ADBBB145195}.Debug|x86.Build.0 = Debug|x86
		{0E89118D-B58A-48DB-A05D-0ADBBB145195}.Release|Any CPU.ActiveCfg = Release|Any CPU
		{0E89118D-B58A-48DB-A05D-0ADBBB145195}.Release|Any CPU.Build.0 = Release|Any CPU
		{0E89118D-B58A-48DB-A05D-0ADBBB145195}.Release|x86.ActiveCfg = Release|x86
		{0E89118D-B58A-48DB-A05D-0ADBBB145195}.Release|x86.Build.0 = Release|x86
		{61A73B75-7404-4A80-9953-80AE47BA05DD}.Debug|Any CPU.ActiveCfg = Debug|Any CPU
		{61A73B75-7404-4A80-9953-80AE47BA05DD}.Debug|Any CPU.Build.0 = Debug|Any CPU
		{61A73B75-7404-4A80-9953-80AE47BA05DD}.Debug|x86.ActiveCfg = Debug|x86
		{61A73B75-7404-4A80-9953-80AE47BA05DD}.Debug|x86.Build.0 = Debug|x86
		{61A73B75-7404-4A80-9953-80AE47BA05DD}.Release|Any CPU.ActiveCfg = Release|Any CPU
		{61A73B75-7404-4A80-9953-80AE47BA05DD}.Release|Any CPU.Build.0 = Release|Any CPU
		{61A73B75-7404-4A80-9953-80AE47BA05DD}.Release|x86.ActiveCfg = Release|x86
		{61A73B75-7404-4A80-9953-80AE47BA05DD}.Release|x86.Build.0 = Release|x86
	EndGlobalSection
	GlobalSection(SolutionProperties) = preSolution
		HideSolutionNode = FALSE
	EndGlobalSection
EndGlobal
